
Microsoft Visual Studio Solution File, Format Version 12.00
# Visual Studio Version 17
VisualStudioVersion = 17.7.34031.279
MinimumVisualStudioVersion = 10.0.40219.1
Project("{FAE04EC0-301F-11D3-BF4B-00C04F79EFBC}") = "Stack", "Stack\Stack.csproj", "{0AD7ACF9-99EE-4B85-BACA-E514B720BD7D}"
EndProject
Global
	GlobalSection(SolutionConfigurationPlatforms) = preSolution
		Debug|Any CPU = Debug|Any CPU
		Release|Any CPU = Release|Any CPU
	EndGlobalSection
	GlobalSection(ProjectConfigurationPlatforms) = postSolution
		{0AD7ACF9-99EE-4B85-BACA-E514B720BD7D}.Debug|Any CPU.ActiveCfg = Debug|Any CPU
		{0AD7ACF9-99EE-4B85-BACA-E514B720BD7D}.Debug|Any CPU.Build.0 = Debug|Any CPU
		{0AD7ACF9-99EE-4B85-BACA-E514B720BD7D}.Release|Any CPU.ActiveCfg = Release|Any CPU
		{0AD7ACF9-99EE-4B85-BACA-E514B720BD7D}.Release|Any CPU.Build.0 = Release|Any CPU
	EndGlobalSection
	GlobalSection(SolutionProperties) = preSolution
		HideSolutionNode = FALSE
	EndGlobalSection
	GlobalSection(ExtensibilityGlobals) = postSolution
		SolutionGuid = {E07E5959-6F3D-4D3E-9B94-C94D8F6027F0}
	EndGlobalSection
EndGlobal
